<?xml version="1.0" encoding="utf-8"?>
<Project ToolsVersion="4.0" xmlns="http://schemas.microsoft.com/developer/msbuild/2003">
  <ItemGroup>
    <Filter Include="源文件">
      <UniqueIdentifier>{4FC737F1-C7A5-4376-A066-2A32D752A2FF}</UniqueIdentifier>
      <Extensions>cpp;c;cc;cxx;def;odl;idl;hpj;bat;asm;asmx</Extensions>
    </Filter>
    <Filter Include="头文件">
      <UniqueIdentifier>{93995380-89BD-4b04-88EB-625FBE52EBFB}</UniqueIdentifier>
      <Extensions>h;hh;hpp;hxx;hm;inl;inc;ipp;xsd</Extensions>
    </Filter>
    <Filter Include="资源文件">
      <UniqueIdentifier>{67DA6AB6-F800-4c08-8B7A-83BB121AAD01}</UniqueIdentifier>
      <Extensions>rc;ico;cur;bmp;dlg;rc2;rct;bin;rgs;gif;jpg;jpeg;jpe;resx;tiff;tif;png;wav;mfcribbon-ms</Extensions>
    </Filter>
    <Filter Include="源文件\dp">
      <UniqueIdentifier>{8cd66b4e-738d-4d8e-b458-0ea647ec9d0b}</UniqueIdentifier>
    </Filter>
    <Filter Include="源文件\stack">
      <UniqueIdentifier>{29079c4a-a229-4c26-ae02-fd3e2f9890a4}</UniqueIdentifier>
    </Filter>
  </ItemGroup>
  <ItemGroup>
    <ClCompile Include="main.cpp">
      <Filter>源文件</Filter>
    </ClCompile>
    <ClCompile Include="Longest Palindromic Substring.cpp">
      <Filter>源文件</Filter>
    </ClCompile>
    <ClCompile Include="Palindrome Number.cpp">
      <Filter>源文件</Filter>
    </ClCompile>
    <ClCompile Include="String to Integer (atoi).cpp">
      <Filter>源文件</Filter>
    </ClCompile>
    <ClCompile Include="合并两个有序链表.cpp">
      <Filter>源文件</Filter>
    </ClCompile>
    <ClCompile Include="合并两个有序数组.cpp">
      <Filter>源文件</Filter>
    </ClCompile>
    <ClCompile Include="11.盛水最多的容器.cpp">
      <Filter>源文件</Filter>
    </ClCompile>
    <ClCompile Include="26. 删除排序数组中的重复项.cpp">
      <Filter>源文件</Filter>
    </ClCompile>
    <ClCompile Include="15.三数之和.cpp">
      <Filter>源文件</Filter>
    </ClCompile>
    <ClCompile Include="16.最接近的三数之和.cpp">
      <Filter>源文件</Filter>
    </ClCompile>
    <ClCompile Include="19.删除链表的倒数第n个节点.cpp">
      <Filter>源文件</Filter>
    </ClCompile>
    <ClCompile Include="18.四数之和.cpp">
      <Filter>源文件</Filter>
    </ClCompile>
    <ClCompile Include="27. 移除元素.cpp">
      <Filter>源文件</Filter>
    </ClCompile>
    <ClCompile Include="28. 实现 strStr().cpp">
      <Filter>源文件</Filter>
    </ClCompile>
    <ClCompile Include="130. 被围绕的区域.cpp">
      <Filter>源文件</Filter>
    </ClCompile>
    <ClCompile Include="38.报数.cpp">
      <Filter>源文件</Filter>
    </ClCompile>
    <ClCompile Include="53.最大子序和.cpp">
      <Filter>源文件\dp</Filter>
    </ClCompile>
    <ClCompile Include="62.不同路径.cpp">
      <Filter>源文件\dp</Filter>
    </ClCompile>
    <ClCompile Include="63.不同路径II.cpp">
      <Filter>源文件\dp</Filter>
    </ClCompile>
    <ClCompile Include="64.最小路径和.cpp">
      <Filter>源文件\dp</Filter>
    </ClCompile>
    <ClCompile Include="70.爬楼梯.cpp">
      <Filter>源文件\dp</Filter>
    </ClCompile>
    <ClCompile Include="96.不同的二叉搜索树.cpp">
      <Filter>源文件\dp</Filter>
    </ClCompile>
    <ClCompile Include="91.解码方法.cpp">
      <Filter>源文件\dp</Filter>
    </ClCompile>
    <ClCompile Include="152.乘积最大子序列.cpp">
      <Filter>源文件\dp</Filter>
    </ClCompile>
    <ClCompile Include="139.单词拆分.cpp">
      <Filter>源文件\dp</Filter>
    </ClCompile>
    <ClCompile Include="198.打家劫舍.cpp">
      <Filter>源文件\dp</Filter>
    </ClCompile>
    <ClCompile Include="120. 三角形最小路径和.cpp">
      <Filter>源文件\dp</Filter>
    </ClCompile>
    <ClCompile Include="221.最大正方形.cpp">
      <Filter>源文件\dp</Filter>
    </ClCompile>
    <ClCompile Include="213. 打家劫舍 II.cpp">
      <Filter>源文件\dp</Filter>
    </ClCompile>
    <ClCompile Include="264.丑数II.cpp">
      <Filter>源文件\dp</Filter>
    </ClCompile>
    <ClCompile Include="279.完全平方数.cpp">
      <Filter>源文件\dp</Filter>
    </ClCompile>
    <ClCompile Include="300. 最长上升子序列.cpp">
      <Filter>源文件\dp</Filter>
    </ClCompile>
    <ClCompile Include="303. 区域和检索 - 数组不可变.cpp">
      <Filter>源文件\dp</Filter>
    </ClCompile>
    <ClCompile Include="304. 二维区域和检索 - 矩阵不可变.cpp">
      <Filter>源文件\dp</Filter>
    </ClCompile>
    <ClCompile Include="309. 最佳买卖股票时机含冷冻期.cpp">
      <Filter>源文件\dp</Filter>
    </ClCompile>
    <ClCompile Include="20.有效的括号.cpp">
      <Filter>源文件\stack</Filter>
    </ClCompile>
    <ClCompile Include="71. 简化路径.cpp">
      <Filter>源文件\stack</Filter>
    </ClCompile>
    <ClCompile Include="94. 二叉树的中序遍历(stack).cpp">
      <Filter>源文件\stack</Filter>
    </ClCompile>
    <ClCompile Include="103. 二叉树的锯齿形层次遍历.cpp">
      <Filter>源文件\stack</Filter>
    </ClCompile>
    <ClCompile Include="144.二叉树的前序遍历(stack).cpp">
      <Filter>源文件\stack</Filter>
    </ClCompile>
    <ClCompile Include="145. 二叉树的后序遍历.cpp">
      <Filter>源文件\stack</Filter>
    </ClCompile>
    <ClCompile Include="150. 逆波兰表达式求值.cpp">
      <Filter>源文件\stack</Filter>
    </ClCompile>
    <ClCompile Include="155.最小栈.cpp">
      <Filter>源文件\stack</Filter>
    </ClCompile>
    <ClCompile Include="173. 二叉搜索树迭代器.cpp">
      <Filter>源文件\stack</Filter>
    </ClCompile>
    <ClCompile Include="232. 用栈实现队列.cpp">
      <Filter>源文件\stack</Filter>
    </ClCompile>
    <ClCompile Include="225.用队列实现栈.cpp">
      <Filter>源文件\stack</Filter>
    </ClCompile>
    <ClCompile Include="331. 验证二叉树的前序序列化.cpp">
      <Filter>源文件\stack</Filter>
    </ClCompile>
    <ClCompile Include="394. 字符串解码.cpp">
      <Filter>源文件\stack</Filter>
    </ClCompile>
    <ClCompile Include="402. 移掉K位数字.cpp">
      <Filter>源文件\stack</Filter>
    </ClCompile>
    <ClCompile Include="456.132模式.cpp">
      <Filter>源文件\stack</Filter>
    </ClCompile>
    <ClCompile Include="739. 每日温度.cpp">
      <Filter>源文件\stack</Filter>
    </ClCompile>
    <ClCompile Include="503. 下一个更大元素 II.cpp">
      <Filter>源文件\stack</Filter>
    </ClCompile>
    <ClCompile Include="682. 棒球比赛.cpp">
      <Filter>源文件\stack</Filter>
    </ClCompile>
    <ClCompile Include="735. 行星碰撞.cpp">
      <Filter>源文件\stack</Filter>
    </ClCompile>
  </ItemGroup>
  <ItemGroup>
    <Text Include="53.最大子段和.txt">
      <Filter>资源文件</Filter>
    </Text>
    <Text Include="62.不同路径.txt">
      <Filter>资源文件</Filter>
    </Text>
    <Text Include="63不同路径II.txt">
      <Filter>资源文件</Filter>
    </Text>
    <Text Include="64.最小路径和.txt">
      <Filter>资源文件</Filter>
    </Text>
    <Text Include="91.解码方法.txt">
      <Filter>资源文件</Filter>
    </Text>
    <Text Include="96.不同的二叉搜索树.txt">
      <Filter>资源文件</Filter>
    </Text>
    <Text Include="120.最小路径和.txt">
      <Filter>资源文件</Filter>
    </Text>
    <Text Include="139.单词拆分.txt">
      <Filter>资源文件</Filter>
    </Text>
    <Text Include="152.乘积最大子序列.txt">
      <Filter>资源文件</Filter>
    </Text>
    <Text Include="198.打家劫舍.txt">
      <Filter>资源文件</Filter>
    </Text>
    <Text Include="213.打家劫舍II.txt">
      <Filter>资源文件</Filter>
    </Text>
    <Text Include="221.最大正方形.txt">
      <Filter>资源文件</Filter>
    </Text>
    <Text Include="264.丑数II.txt">
      <Filter>资源文件</Filter>
    </Text>
    <Text Include="300.最长上升子序列.txt">
      <Filter>资源文件</Filter>
    </Text>
    <Text Include="303. 区域和检索 - 数组不可变.txt">
      <Filter>资源文件</Filter>
    </Text>
    <Text Include="304. 二维区域和检索 - 矩阵不可变.txt">
      <Filter>资源文件</Filter>
    </Text>
    <Text Include="309. 最佳买卖股票时机含冷冻期.txt">
      <Filter>资源文件</Filter>
    </Text>
    <Text Include="71.简化路径.txt">
      <Filter>资源文件</Filter>
    </Text>
    <Text Include="103. 二叉树的锯齿形层次遍历.txt">
      <Filter>资源文件</Filter>
    </Text>
    <Text Include="144.二叉树的前序遍历.txt">
      <Filter>资源文件</Filter>
    </Text>
    <Text Include="145. 二叉树的后序遍历.txt">
      <Filter>资源文件</Filter>
    </Text>
    <Text Include="150.最小栈.txt">
      <Filter>资源文件</Filter>
    </Text>
    <Text Include="173. 二叉搜索树迭代器.txt">
      <Filter>资源文件</Filter>
    </Text>
    <Text Include="331.验证二叉树的前序序列化.txt">
      <Filter>资源文件</Filter>
    </Text>
    <Text Include="394.字符串解码.txt">
      <Filter>资源文件</Filter>
    </Text>
    <Text Include="402.移掉K位数字.txt">
      <Filter>资源文件</Filter>
    </Text>
    <Text Include="456.132模式.txt">
      <Filter>资源文件</Filter>
    </Text>
    <Text Include="496. 下一个更大元素 I.cpp">
      <Filter>源文件\stack</Filter>
    </Text>
    <Text Include="496.下一个更大元素I.txt">
      <Filter>资源文件</Filter>
    </Text>
    <Text Include="739.每日温度.txt">
      <Filter>资源文件</Filter>
    </Text>
    <Text Include="503.下一个更大的元素II.txt">
      <Filter>资源文件</Filter>
    </Text>
  </ItemGroup>
  <ItemGroup>
    <None Include="150.逆波兰表达式求值.txt">
      <Filter>资源文件</Filter>
    </None>
  </ItemGroup>
</Project>